// !$*UTF8*$!
{
	archiveVersion = 1;
	classes = {
	};
	objectVersion = 46;
	objects = {

/* Begin PBXBuildFile section */
		591C41EF1921BA6F00189201 /* Foundation.framework in Frameworks */ = {isa = PBXBuildFile; fileRef = 591C41EE1921BA6F00189201 /* Foundation.framework */; };
		591C41F11921BA6F00189201 /* CoreGraphics.framework in Frameworks */ = {isa = PBXBuildFile; fileRef = 591C41F01921BA6F00189201 /* CoreGraphics.framework */; };
		591C41F31921BA6F00189201 /* UIKit.framework in Frameworks */ = {isa = PBXBuildFile; fileRef = 591C41F21921BA6F00189201 /* UIKit.framework */; };
		591C41F51921BA6F00189201 /* CoreData.framework in Frameworks */ = {isa = PBXBuildFile; fileRef = 591C41F41921BA6F00189201 /* CoreData.framework */; };
		591C41FB1921BA6F00189201 /* InfoPlist.strings in Resources */ = {isa = PBXBuildFile; fileRef = 591C41F91921BA6F00189201 /* InfoPlist.strings */; };
		591C41FD1921BA6F00189201 /* main.m in Sources */ = {isa = PBXBuildFile; fileRef = 591C41FC1921BA6F00189201 /* main.m */; };
		591C42011921BA6F00189201 /* AppDelegate.m in Sources */ = {isa = PBXBuildFile; fileRef = 591C42001921BA6F00189201 /* AppDelegate.m */; };
		591C42041921BA6F00189201 /* cakedream.xcdatamodeld in Sources */ = {isa = PBXBuildFile; fileRef = 591C42021921BA6F00189201 /* cakedream.xcdatamodeld */; };
		591C42061921BA6F00189201 /* Images.xcassets in Resources */ = {isa = PBXBuildFile; fileRef = 591C42051921BA6F00189201 /* Images.xcassets */; };
		591C420D1921BA6F00189201 /* XCTest.framework in Frameworks */ = {isa = PBXBuildFile; fileRef = 591C420C1921BA6F00189201 /* XCTest.framework */; };
		591C420E1921BA6F00189201 /* Foundation.framework in Frameworks */ = {isa = PBXBuildFile; fileRef = 591C41EE1921BA6F00189201 /* Foundation.framework */; };
		591C420F1921BA6F00189201 /* UIKit.framework in Frameworks */ = {isa = PBXBuildFile; fileRef = 591C41F21921BA6F00189201 /* UIKit.framework */; };
		591C42101921BA6F00189201 /* CoreData.framework in Frameworks */ = {isa = PBXBuildFile; fileRef = 591C41F41921BA6F00189201 /* CoreData.framework */; };
		591C42181921BA6F00189201 /* InfoPlist.strings in Resources */ = {isa = PBXBuildFile; fileRef = 591C42161921BA6F00189201 /* InfoPlist.strings */; };
		591C421A1921BA6F00189201 /* cakedreamTests.m in Sources */ = {isa = PBXBuildFile; fileRef = 591C42191921BA6F00189201 /* cakedreamTests.m */; };
		591C42251921BE0300189201 /* HomeViewController.m in Sources */ = {isa = PBXBuildFile; fileRef = 591C42241921BE0300189201 /* HomeViewController.m */; };
		591C42291921BF3800189201 /* MLNavigationController.m in Sources */ = {isa = PBXBuildFile; fileRef = 591C42281921BF3800189201 /* MLNavigationController.m */; settings = {COMPILER_FLAGS = "-fno-objc-arc"; }; };
		591C42331921E71200189201 /* DataStructure.m in Sources */ = {isa = PBXBuildFile; fileRef = 591C42321921E71200189201 /* DataStructure.m */; };
		591C42361921F17700189201 /* NetWorkRequest.m in Sources */ = {isa = PBXBuildFile; fileRef = 591C42351921F17700189201 /* NetWorkRequest.m */; };
		591C42391921F77D00189201 /* OpenUDID.m in Sources */ = {isa = PBXBuildFile; fileRef = 591C42381921F77D00189201 /* OpenUDID.m */; settings = {COMPILER_FLAGS = "-fno-objc-arc"; }; };
		591C423C1921FC8500189201 /* RSAEncryptAndDecrypt.m in Sources */ = {isa = PBXBuildFile; fileRef = 591C423B1921FC8500189201 /* RSAEncryptAndDecrypt.m */; settings = {COMPILER_FLAGS = "-fno-objc-arc"; }; };
		591C4241192202AD00189201 /* SuperTableViewController.m in Sources */ = {isa = PBXBuildFile; fileRef = 591C423E192202AD00189201 /* SuperTableViewController.m */; };
		591C4242192202AD00189201 /* SuperViewController.m in Sources */ = {isa = PBXBuildFile; fileRef = 591C4240192202AD00189201 /* SuperViewController.m */; };
		591C4245192202E600189201 /* MBProgressHUD.m in Sources */ = {isa = PBXBuildFile; fileRef = 591C4244192202E600189201 /* MBProgressHUD.m */; };
		591C42481922033A00189201 /* SectionHeaderView.m in Sources */ = {isa = PBXBuildFile; fileRef = 591C42471922033A00189201 /* SectionHeaderView.m */; };
		591C424D1922047B00189201 /* 启动界面底图.png in Resources */ = {isa = PBXBuildFile; fileRef = 591C424A1922047B00189201 /* 启动界面底图.png */; };
		591C424E1922047B00189201 /* 标题.png in Resources */ = {isa = PBXBuildFile; fileRef = 591C424B1922047B00189201 /* 标题.png */; };
		591C424F1922047B00189201 /* 标题@2x.png in Resources */ = {isa = PBXBuildFile; fileRef = 591C424C1922047B00189201 /* 标题@2x.png */; };
		591C4253192204EE00189201 /* TestViewController.m in Sources */ = {isa = PBXBuildFile; fileRef = 591C4252192204EE00189201 /* TestViewController.m */; };
		591C425519220EF100189201 /* 9.2.json in Resources */ = {isa = PBXBuildFile; fileRef = 591C425419220EF100189201 /* 9.2.json */; };
		592CB0B419245E3C00671D72 /* menubackground.png in Resources */ = {isa = PBXBuildFile; fileRef = 592CB0B319245E3C00671D72 /* menubackground.png */; };
		5947159A1923027900C180B2 /* CakeDetailViewController.m in Sources */ = {isa = PBXBuildFile; fileRef = 594715991923027900C180B2 /* CakeDetailViewController.m */; };
		5947159C19230E4A00C180B2 /* line.png in Resources */ = {isa = PBXBuildFile; fileRef = 5947159B19230E4A00C180B2 /* line.png */; };
		594715AA1923464500C180B2 /* RECommonFunctions.m in Sources */ = {isa = PBXBuildFile; fileRef = 5947159F1923464500C180B2 /* RECommonFunctions.m */; };
		594715AB1923464500C180B2 /* REFrostedContainerViewController.m in Sources */ = {isa = PBXBuildFile; fileRef = 594715A11923464500C180B2 /* REFrostedContainerViewController.m */; };
		594715AC1923464500C180B2 /* REFrostedViewController.m in Sources */ = {isa = PBXBuildFile; fileRef = 594715A31923464500C180B2 /* REFrostedViewController.m */; };
		594715AD1923464500C180B2 /* UIImage+REFrostedViewController.m in Sources */ = {isa = PBXBuildFile; fileRef = 594715A51923464500C180B2 /* UIImage+REFrostedViewController.m */; };
		594715AE1923464500C180B2 /* UIView+REFrostedViewController.m in Sources */ = {isa = PBXBuildFile; fileRef = 594715A71923464500C180B2 /* UIView+REFrostedViewController.m */; };
		594715AF1923464500C180B2 /* UIViewController+REFrostedViewController.m in Sources */ = {isa = PBXBuildFile; fileRef = 594715A91923464500C180B2 /* UIViewController+REFrostedViewController.m */; };
		594715B219234A7D00C180B2 /* DEMOMenuViewController.m in Sources */ = {isa = PBXBuildFile; fileRef = 594715B119234A7D00C180B2 /* DEMOMenuViewController.m */; };
		59723A2E192D828D001DDBC2 /* 卡仕达起司.jpg in Resources */ = {isa = PBXBuildFile; fileRef = 59723A23192D828D001DDBC2 /* 卡仕达起司.jpg */; };
		59723A2F192D828D001DDBC2 /* 天使的帽子.jpg in Resources */ = {isa = PBXBuildFile; fileRef = 59723A24192D828D001DDBC2 /* 天使的帽子.jpg */; };
		59723A30192D828D001DDBC2 /* 巧酥饼干.jpg in Resources */ = {isa = PBXBuildFile; fileRef = 59723A25192D828D001DDBC2 /* 巧酥饼干.jpg */; };
		59723A31192D828D001DDBC2 /* 恶魔的帽子.jpg in Resources */ = {isa = PBXBuildFile; fileRef = 59723A26192D828D001DDBC2 /* 恶魔的帽子.jpg */; };
		59723A32192D828D001DDBC2 /* 手工鲜奶油布丁.jpg in Resources */ = {isa = PBXBuildFile; fileRef = 59723A27192D828D001DDBC2 /* 手工鲜奶油布丁.jpg */; };
		59723A33192D828D001DDBC2 /* 爆浆蛋糕.jpg in Resources */ = {isa = PBXBuildFile; fileRef = 59723A28192D828D001DDBC2 /* 爆浆蛋糕.jpg */; };
		59723A34192D828D001DDBC2 /* 盆栽蛋糕.jpg in Resources */ = {isa = PBXBuildFile; fileRef = 59723A29192D828D001DDBC2 /* 盆栽蛋糕.jpg */; };
		59723A35192D828D001DDBC2 /* 红豆起司.jpg in Resources */ = {isa = PBXBuildFile; fileRef = 59723A2A192D828D001DDBC2 /* 红豆起司.jpg */; };
		59723A36192D828D001DDBC2 /* 蛋糕卷.jpg in Resources */ = {isa = PBXBuildFile; fileRef = 59723A2B192D828D001DDBC2 /* 蛋糕卷.jpg */; };
		59723A37192D828D001DDBC2 /* 起司蛋糕.jpg in Resources */ = {isa = PBXBuildFile; fileRef = 59723A2C192D828D001DDBC2 /* 起司蛋糕.jpg */; };
		59723A38192D828D001DDBC2 /* 起思金砖.jpg in Resources */ = {isa = PBXBuildFile; fileRef = 59723A2D192D828D001DDBC2 /* 起思金砖.jpg */; };
		59723A3A192D871F001DDBC2 /* bg.jpg in Resources */ = {isa = PBXBuildFile; fileRef = 59723A39192D871F001DDBC2 /* bg.jpg */; };
		59723A3D192D8863001DDBC2 /* 透明背景.png in Resources */ = {isa = PBXBuildFile; fileRef = 59723A3B192D8863001DDBC2 /* 透明背景.png */; };
		59723A3E192D8863001DDBC2 /* 透明背景@2x.png in Resources */ = {isa = PBXBuildFile; fileRef = 59723A3C192D8863001DDBC2 /* 透明背景@2x.png */; };
		59723A41192D92E9001DDBC2 /* DIYViewController.m in Sources */ = {isa = PBXBuildFile; fileRef = 59723A40192D92E9001DDBC2 /* DIYViewController.m */; };
		59723A44192DC5FA001DDBC2 /* LoginViewController.m in Sources */ = {isa = PBXBuildFile; fileRef = 59723A43192DC5FA001DDBC2 /* LoginViewController.m */; };
		59723A46192DCCE3001DDBC2 /* cellbg.png in Resources */ = {isa = PBXBuildFile; fileRef = 59723A45192DCCE3001DDBC2 /* cellbg.png */; };
		59723A48192DCE45001DDBC2 /* cellbg@2x.png in Resources */ = {isa = PBXBuildFile; fileRef = 59723A47192DCE45001DDBC2 /* cellbg@2x.png */; };
		59723A50192DDA83001DDBC2 /* DingDingziti.otf in Resources */ = {isa = PBXBuildFile; fileRef = 59723A4F192DDA83001DDBC2 /* DingDingziti.otf */; };
		5981927C19237B090071DEA2 /* show1.jpg in Resources */ = {isa = PBXBuildFile; fileRef = 5981927B19237B090071DEA2 /* show1.jpg */; };
		5987FCCC192DE18700D1CA89 /* cakedetailbg.png in Resources */ = {isa = PBXBuildFile; fileRef = 5987FCCA192DE18700D1CA89 /* cakedetailbg.png */; };
		5987FCCD192DE18700D1CA89 /* cakedetailbg@2x.png in Resources */ = {isa = PBXBuildFile; fileRef = 5987FCCB192DE18700D1CA89 /* cakedetailbg@2x.png */; };
		5987FCCF192DF2A500D1CA89 /* flowerbg.jpg in Resources */ = {isa = PBXBuildFile; fileRef = 5987FCCE192DF2A500D1CA89 /* flowerbg.jpg */; };
/* End PBXBuildFile section */

/* Begin PBXContainerItemProxy section */
		591C42111921BA6F00189201 /* PBXContainerItemProxy */ = {
			isa = PBXContainerItemProxy;
			containerPortal = 591C41E31921BA6F00189201 /* Project object */;
			proxyType = 1;
			remoteGlobalIDString = 591C41EA1921BA6F00189201;
			remoteInfo = cakedream;
		};
/* End PBXContainerItemProxy section */

/* Begin PBXFileReference section */
		591C41EB1921BA6F00189201 /* cakedream.app */ = {isa = PBXFileReference; explicitFileType = wrapper.application; includeInIndex = 0; path = cakedream.app; sourceTree = BUILT_PRODUCTS_DIR; };
		591C41EE1921BA6F00189201 /* Foundation.framework */ = {isa = PBXFileReference; lastKnownFileType = wrapper.framework; name = Foundation.framework; path = System/Library/Frameworks/Foundation.framework; sourceTree = SDKROOT; };
		591C41F01921BA6F00189201 /* CoreGraphics.framework */ = {isa = PBXFileReference; lastKnownFileType = wrapper.framework; name = CoreGraphics.framework; path = System/Library/Frameworks/CoreGraphics.framework; sourceTree = SDKROOT; };
		591C41F21921BA6F00189201 /* UIKit.framework */ = {isa = PBXFileReference; lastKnownFileType = wrapper.framework; name = UIKit.framework; path = System/Library/Frameworks/UIKit.framework; sourceTree = SDKROOT; };
		591C41F41921BA6F00189201 /* CoreData.framework */ = {isa = PBXFileReference; lastKnownFileType = wrapper.framework; name = CoreData.framework; path = System/Library/Frameworks/CoreData.framework; sourceTree = SDKROOT; };
		591C41F81921BA6F00189201 /* cakedream-Info.plist */ = {isa = PBXFileReference; lastKnownFileType = text.plist.xml; path = "cakedream-Info.plist"; sourceTree = "<group>"; };
		591C41FA1921BA6F00189201 /* en */ = {isa = PBXFileReference; lastKnownFileType = text.plist.strings; name = en; path = en.lproj/InfoPlist.strings; sourceTree = "<group>"; };
		591C41FC1921BA6F00189201 /* main.m */ = {isa = PBXFileReference; lastKnownFileType = sourcecode.c.objc; path = main.m; sourceTree = "<group>"; };
		591C41FE1921BA6F00189201 /* cakedream-Prefix.pch */ = {isa = PBXFileReference; lastKnownFileType = sourcecode.c.h; path = "cakedream-Prefix.pch"; sourceTree = "<group>"; };
		591C41FF1921BA6F00189201 /* AppDelegate.h */ = {isa = PBXFileReference; lastKnownFileType = sourcecode.c.h; path = AppDelegate.h; sourceTree = "<group>"; };
		591C42001921BA6F00189201 /* AppDelegate.m */ = {isa = PBXFileReference; lastKnownFileType = sourcecode.c.objc; path = AppDelegate.m; sourceTree = "<group>"; };
		591C42031921BA6F00189201 /* cakedream.xcdatamodel */ = {isa = PBXFileReference; lastKnownFileType = wrapper.xcdatamodel; path = cakedream.xcdatamodel; sourceTree = "<group>"; };
		591C42051921BA6F00189201 /* Images.xcassets */ = {isa = PBXFileReference; lastKnownFileType = folder.assetcatalog; path = Images.xcassets; sourceTree = "<group>"; };
		591C420B1921BA6F00189201 /* cakedreamTests.xctest */ = {isa = PBXFileReference; explicitFileType = wrapper.cfbundle; includeInIndex = 0; path = cakedreamTests.xctest; sourceTree = BUILT_PRODUCTS_DIR; };
		591C420C1921BA6F00189201 /* XCTest.framework */ = {isa = PBXFileReference; lastKnownFileType = wrapper.framework; name = XCTest.framework; path = Library/Frameworks/XCTest.framework; sourceTree = DEVELOPER_DIR; };
		591C42151921BA6F00189201 /* cakedreamTests-Info.plist */ = {isa = PBXFileReference; lastKnownFileType = text.plist.xml; path = "cakedreamTests-Info.plist"; sourceTree = "<group>"; };
		591C42171921BA6F00189201 /* en */ = {isa = PBXFileReference; lastKnownFileType = text.plist.strings; name = en; path = en.lproj/InfoPlist.strings; sourceTree = "<group>"; };
		591C42191921BA6F00189201 /* cakedreamTests.m */ = {isa = PBXFileReference; lastKnownFileType = sourcecode.c.objc; path = cakedreamTests.m; sourceTree = "<group>"; };
		591C42231921BE0300189201 /* HomeViewController.h */ = {isa = PBXFileReference; fileEncoding = 4; lastKnownFileType = sourcecode.c.h; path = HomeViewController.h; sourceTree = "<group>"; };
		591C42241921BE0300189201 /* HomeViewController.m */ = {isa = PBXFileReference; fileEncoding = 4; lastKnownFileType = sourcecode.c.objc; path = HomeViewController.m; sourceTree = "<group>"; };
		591C42271921BF3800189201 /* MLNavigationController.h */ = {isa = PBXFileReference; fileEncoding = 4; lastKnownFileType = sourcecode.c.h; path = MLNavigationController.h; sourceTree = "<group>"; };
		591C42281921BF3800189201 /* MLNavigationController.m */ = {isa = PBXFileReference; fileEncoding = 4; lastKnownFileType = sourcecode.c.objc; path = MLNavigationController.m; sourceTree = "<group>"; };
		591C42311921E71200189201 /* DataStructure.h */ = {isa = PBXFileReference; fileEncoding = 4; lastKnownFileType = sourcecode.c.h; path = DataStructure.h; sourceTree = "<group>"; };
		591C42321921E71200189201 /* DataStructure.m */ = {isa = PBXFileReference; fileEncoding = 4; lastKnownFileType = sourcecode.c.objc; path = DataStructure.m; sourceTree = "<group>"; };
		591C42341921F17700189201 /* NetWorkRequest.h */ = {isa = PBXFileReference; fileEncoding = 4; lastKnownFileType = sourcecode.c.h; path = NetWorkRequest.h; sourceTree = "<group>"; };
		591C42351921F17700189201 /* NetWorkRequest.m */ = {isa = PBXFileReference; fileEncoding = 4; lastKnownFileType = sourcecode.c.objc; path = NetWorkRequest.m; sourceTree = "<group>"; };
		591C42371921F77D00189201 /* OpenUDID.h */ = {isa = PBXFileReference; fileEncoding = 4; lastKnownFileType = sourcecode.c.h; path = OpenUDID.h; sourceTree = "<group>"; };
		591C42381921F77D00189201 /* OpenUDID.m */ = {isa = PBXFileReference; fileEncoding = 4; lastKnownFileType = sourcecode.c.objc; path = OpenUDID.m; sourceTree = "<group>"; };
		591C423A1921FC8500189201 /* RSAEncryptAndDecrypt.h */ = {isa = PBXFileReference; fileEncoding = 4; lastKnownFileType = sourcecode.c.h; path = RSAEncryptAndDecrypt.h; sourceTree = "<group>"; };
		591C423B1921FC8500189201 /* RSAEncryptAndDecrypt.m */ = {isa = PBXFileReference; fileEncoding = 4; lastKnownFileType = sourcecode.c.objc; path = RSAEncryptAndDecrypt.m; sourceTree = "<group>"; };
		591C423D192202AD00189201 /* SuperTableViewController.h */ = {isa = PBXFileReference; fileEncoding = 4; lastKnownFileType = sourcecode.c.h; path = SuperTableViewController.h; sourceTree = "<group>"; };
		591C423E192202AD00189201 /* SuperTableViewController.m */ = {isa = PBXFileReference; fileEncoding = 4; lastKnownFileType = sourcecode.c.objc; path = SuperTableViewController.m; sourceTree = "<group>"; };
		591C423F192202AD00189201 /* SuperViewController.h */ = {isa = PBXFileReference; fileEncoding = 4; lastKnownFileType = sourcecode.c.h; path = SuperViewController.h; sourceTree = "<group>"; };
		591C4240192202AD00189201 /* SuperViewController.m */ = {isa = PBXFileReference; fileEncoding = 4; lastKnownFileType = sourcecode.c.objc; path = SuperViewController.m; sourceTree = "<group>"; };
		591C4243192202E600189201 /* MBProgressHUD.h */ = {isa = PBXFileReference; fileEncoding = 4; lastKnownFileType = sourcecode.c.h; path = MBProgressHUD.h; sourceTree = "<group>"; };
		591C4244192202E600189201 /* MBProgressHUD.m */ = {isa = PBXFileReference; fileEncoding = 4; lastKnownFileType = sourcecode.c.objc; path = MBProgressHUD.m; sourceTree = "<group>"; };
		591C42461922033A00189201 /* SectionHeaderView.h */ = {isa = PBXFileReference; fileEncoding = 4; lastKnownFileType = sourcecode.c.h; path = SectionHeaderView.h; sourceTree = "<group>"; };
		591C42471922033A00189201 /* SectionHeaderView.m */ = {isa = PBXFileReference; fileEncoding = 4; lastKnownFileType = sourcecode.c.objc; path = SectionHeaderView.m; sourceTree = "<group>"; };
		591C424A1922047B00189201 /* 启动界面底图.png */ = {isa = PBXFileReference; lastKnownFileType = image.png; path = "启动界面底图.png"; sourceTree = "<group>"; };
		591C424B1922047B00189201 /* 标题.png */ = {isa = PBXFileReference; lastKnownFileType = image.png; path = "标题.png"; sourceTree = "<group>"; };
		591C424C1922047B00189201 /* 标题@2x.png */ = {isa = PBXFileReference; lastKnownFileType = image.png; path = "标题@2x.png"; sourceTree = "<group>"; };
		591C4251192204EE00189201 /* TestViewController.h */ = {isa = PBXFileReference; fileEncoding = 4; lastKnownFileType = sourcecode.c.h; path = TestViewController.h; sourceTree = "<group>"; };
		591C4252192204EE00189201 /* TestViewController.m */ = {isa = PBXFileReference; fileEncoding = 4; lastKnownFileType = sourcecode.c.objc; path = TestViewController.m; sourceTree = "<group>"; };
		591C425419220EF100189201 /* 9.2.json */ = {isa = PBXFileReference; fileEncoding = 4; lastKnownFileType = text.json; path = 9.2.json; sourceTree = "<group>"; };
		592CB0B319245E3C00671D72 /* menubackground.png */ = {isa = PBXFileReference; lastKnownFileType = image.png; path = menubackground.png; sourceTree = "<group>"; };
		594715981923027900C180B2 /* CakeDetailViewController.h */ = {isa = PBXFileReference; fileEncoding = 4; lastKnownFileType = sourcecode.c.h; path = CakeDetailViewController.h; sourceTree = "<group>"; };
		594715991923027900C180B2 /* CakeDetailViewController.m */ = {isa = PBXFileReference; fileEncoding = 4; lastKnownFileType = sourcecode.c.objc; path = CakeDetailViewController.m; sourceTree = "<group>"; };
		5947159B19230E4A00C180B2 /* line.png */ = {isa = PBXFileReference; lastKnownFileType = image.png; path = line.png; sourceTree = "<group>"; };
		5947159E1923464500C180B2 /* RECommonFunctions.h */ = {isa = PBXFileReference; fileEncoding = 4; lastKnownFileType = sourcecode.c.h; path = RECommonFunctions.h; sourceTree = "<group>"; };
		5947159F1923464500C180B2 /* RECommonFunctions.m */ = {isa = PBXFileReference; fileEncoding = 4; lastKnownFileType = sourcecode.c.objc; path = RECommonFunctions.m; sourceTree = "<group>"; };
		594715A01923464500C180B2 /* REFrostedContainerViewController.h */ = {isa = PBXFileReference; fileEncoding = 4; lastKnownFileType = sourcecode.c.h; path = REFrostedContainerViewController.h; sourceTree = "<group>"; };
		594715A11923464500C180B2 /* REFrostedContainerViewController.m */ = {isa = PBXFileReference; fileEncoding = 4; lastKnownFileType = sourcecode.c.objc; path = REFrostedContainerViewController.m; sourceTree = "<group>"; };
		594715A21923464500C180B2 /* REFrostedViewController.h */ = {isa = PBXFileReference; fileEncoding = 4; lastKnownFileType = sourcecode.c.h; path = REFrostedViewController.h; sourceTree = "<group>"; };
		594715A31923464500C180B2 /* REFrostedViewController.m */ = {isa = PBXFileReference; fileEncoding = 4; lastKnownFileType = sourcecode.c.objc; path = REFrostedViewController.m; sourceTree = "<group>"; };
		594715A41923464500C180B2 /* UIImage+REFrostedViewController.h */ = {isa = PBXFileReference; fileEncoding = 4; lastKnownFileType = sourcecode.c.h; path = "UIImage+REFrostedViewController.h"; sourceTree = "<group>"; };
		594715A51923464500C180B2 /* UIImage+REFrostedViewController.m */ = {isa = PBXFileReference; fileEncoding = 4; lastKnownFileType = sourcecode.c.objc; path = "UIImage+REFrostedViewController.m"; sourceTree = "<group>"; };
		594715A61923464500C180B2 /* UIView+REFrostedViewController.h */ = {isa = PBXFileReference; fileEncoding = 4; lastKnownFileType = sourcecode.c.h; path = "UIView+REFrostedViewController.h"; sourceTree = "<group>"; };
		594715A71923464500C180B2 /* UIView+REFrostedViewController.m */ = {isa = PBXFileReference; fileEncoding = 4; lastKnownFileType = sourcecode.c.objc; path = "UIView+REFrostedViewController.m"; sourceTree = "<group>"; };
		594715A81923464500C180B2 /* UIViewController+REFrostedViewController.h */ = {isa = PBXFileReference; fileEncoding = 4; lastKnownFileType = sourcecode.c.h; path = "UIViewController+REFrostedViewController.h"; sourceTree = "<group>"; };
		594715A91923464500C180B2 /* UIViewController+REFrostedViewController.m */ = {isa = PBXFileReference; fileEncoding = 4; lastKnownFileType = sourcecode.c.objc; path = "UIViewController+REFrostedViewController.m"; sourceTree = "<group>"; };
		594715B019234A7D00C180B2 /* DEMOMenuViewController.h */ = {isa = PBXFileReference; fileEncoding = 4; lastKnownFileType = sourcecode.c.h; path = DEMOMenuViewController.h; sourceTree = "<group>"; };
		594715B119234A7D00C180B2 /* DEMOMenuViewController.m */ = {isa = PBXFileReference; fileEncoding = 4; lastKnownFileType = sourcecode.c.objc; path = DEMOMenuViewController.m; sourceTree = "<group>"; };
		59723A23192D828D001DDBC2 /* 卡仕达起司.jpg */ = {isa = PBXFileReference; lastKnownFileType = image.jpeg; path = "卡仕达起司.jpg"; sourceTree = "<group>"; };
		59723A24192D828D001DDBC2 /* 天使的帽子.jpg */ = {isa = PBXFileReference; lastKnownFileType = image.jpeg; path = "天使的帽子.jpg"; sourceTree = "<group>"; };
		59723A25192D828D001DDBC2 /* 巧酥饼干.jpg */ = {isa = PBXFileReference; lastKnownFileType = image.jpeg; path = "巧酥饼干.jpg"; sourceTree = "<group>"; };
		59723A26192D828D001DDBC2 /* 恶魔的帽子.jpg */ = {isa = PBXFileReference; lastKnownFileType = image.jpeg; path = "恶魔的帽子.jpg"; sourceTree = "<group>"; };
		59723A27192D828D001DDBC2 /* 手工鲜奶油布丁.jpg */ = {isa = PBXFileReference; lastKnownFileType = image.jpeg; path = "手工鲜奶油布丁.jpg"; sourceTree = "<group>"; };
		59723A28192D828D001DDBC2 /* 爆浆蛋糕.jpg */ = {isa = PBXFileReference; lastKnownFileType = image.jpeg; path = "爆浆蛋糕.jpg"; sourceTree = "<group>"; };
		59723A29192D828D001DDBC2 /* 盆栽蛋糕.jpg */ = {isa = PBXFileReference; lastKnownFileType = image.jpeg; path = "盆栽蛋糕.jpg"; sourceTree = "<group>"; };
		59723A2A192D828D001DDBC2 /* 红豆起司.jpg */ = {isa = PBXFileReference; lastKnownFileType = image.jpeg; path = "红豆起司.jpg"; sourceTree = "<group>"; };
		59723A2B192D828D001DDBC2 /* 蛋糕卷.jpg */ = {isa = PBXFileReference; lastKnownFileType = image.jpeg; path = "蛋糕卷.jpg"; sourceTree = "<group>"; };
		59723A2C192D828D001DDBC2 /* 起司蛋糕.jpg */ = {isa = PBXFileReference; lastKnownFileType = image.jpeg; path = "起司蛋糕.jpg"; sourceTree = "<group>"; };
		59723A2D192D828D001DDBC2 /* 起思金砖.jpg */ = {isa = PBXFileReference; lastKnownFileType = image.jpeg; path = "起思金砖.jpg"; sourceTree = "<group>"; };
		59723A39192D871F001DDBC2 /* bg.jpg */ = {isa = PBXFileReference; lastKnownFileType = image.jpeg; path = bg.jpg; sourceTree = "<group>"; };
		59723A3B192D8863001DDBC2 /* 透明背景.png */ = {isa = PBXFileReference; lastKnownFileType = image.png; path = "透明背景.png"; sourceTree = "<group>"; };
		59723A3C192D8863001DDBC2 /* 透明背景@2x.png */ = {isa = PBXFileReference; lastKnownFileType = image.png; path = "透明背景@2x.png"; sourceTree = "<group>"; };
		59723A3F192D92E9001DDBC2 /* DIYViewController.h */ = {isa = PBXFileReference; fileEncoding = 4; lastKnownFileType = sourcecode.c.h; path = DIYViewController.h; sourceTree = "<group>"; };
		59723A40192D92E9001DDBC2 /* DIYViewController.m */ = {isa = PBXFileReference; fileEncoding = 4; lastKnownFileType = sourcecode.c.objc; path = DIYViewController.m; sourceTree = "<group>"; };
		59723A42192DC5FA001DDBC2 /* LoginViewController.h */ = {isa = PBXFileReference; fileEncoding = 4; lastKnownFileType = sourcecode.c.h; path = LoginViewController.h; sourceTree = "<group>"; };
		59723A43192DC5FA001DDBC2 /* LoginViewController.m */ = {isa = PBXFileReference; fileEncoding = 4; lastKnownFileType = sourcecode.c.objc; path = LoginViewController.m; sourceTree = "<group>"; };
		59723A45192DCCE3001DDBC2 /* cellbg.png */ = {isa = PBXFileReference; lastKnownFileType = image.png; path = cellbg.png; sourceTree = "<group>"; };
		59723A47192DCE45001DDBC2 /* cellbg@2x.png */ = {isa = PBXFileReference; lastKnownFileType = image.png; path = "cellbg@2x.png"; sourceTree = "<group>"; };
		59723A4F192DDA83001DDBC2 /* DingDingziti.otf */ = {isa = PBXFileReference; lastKnownFileType = file; path = DingDingziti.otf; sourceTree = "<group>"; };
		5981927B19237B090071DEA2 /* show1.jpg */ = {isa = PBXFileReference; lastKnownFileType = image.jpeg; path = show1.jpg; sourceTree = "<group>"; };
		5987FCCA192DE18700D1CA89 /* cakedetailbg.png */ = {isa = PBXFileReference; lastKnownFileType = image.png; path = cakedetailbg.png; sourceTree = "<group>"; };
		5987FCCB192DE18700D1CA89 /* cakedetailbg@2x.png */ = {isa = PBXFileReference; lastKnownFileType = image.png; path = "cakedetailbg@2x.png"; sourceTree = "<group>"; };
		5987FCCE192DF2A500D1CA89 /* flowerbg.jpg */ = {isa = PBXFileReference; lastKnownFileType = image.jpeg; path = flowerbg.jpg; sourceTree = "<group>"; };
/* End PBXFileReference section */

/* Begin PBXFrameworksBuildPhase section */
		591C41E81921BA6F00189201 /* Frameworks */ = {
			isa = PBXFrameworksBuildPhase;
			buildActionMask = 2147483647;
			files = (
				591C41F11921BA6F00189201 /* CoreGraphics.framework in Frameworks */,
				591C41F51921BA6F00189201 /* CoreData.framework in Frameworks */,
				591C41F31921BA6F00189201 /* UIKit.framework in Frameworks */,
				591C41EF1921BA6F00189201 /* Foundation.framework in Frameworks */,
			);
			runOnlyForDeploymentPostprocessing = 0;
		};
		591C42081921BA6F00189201 /* Frameworks */ = {
			isa = PBXFrameworksBuildPhase;
			buildActionMask = 2147483647;
			files = (
				591C420D1921BA6F00189201 /* XCTest.framework in Frameworks */,
				591C42101921BA6F00189201 /* CoreData.framework in Frameworks */,
				591C420F1921BA6F00189201 /* UIKit.framework in Frameworks */,
				591C420E1921BA6F00189201 /* Foundation.framework in Frameworks */,
			);
			runOnlyForDeploymentPostprocessing = 0;
		};
/* End PBXFrameworksBuildPhase section */

/* Begin PBXGroup section */
		591C41E21921BA6F00189201 = {
			isa = PBXGroup;
			children = (
				591C41F61921BA6F00189201 /* cakedream */,
				591C42131921BA6F00189201 /* cakedreamTests */,
				591C41ED1921BA6F00189201 /* Frameworks */,
				591C41EC1921BA6F00189201 /* Products */,
			);
			sourceTree = "<group>";
		};
		591C41EC1921BA6F00189201 /* Products */ = {
			isa = PBXGroup;
			children = (
				591C41EB1921BA6F00189201 /* cakedream.app */,
				591C420B1921BA6F00189201 /* cakedreamTests.xctest */,
			);
			name = Products;
			sourceTree = "<group>";
		};
		591C41ED1921BA6F00189201 /* Frameworks */ = {
			isa = PBXGroup;
			children = (
				591C41EE1921BA6F00189201 /* Foundation.framework */,
				591C41F01921BA6F00189201 /* CoreGraphics.framework */,
				591C41F21921BA6F00189201 /* UIKit.framework */,
				591C41F41921BA6F00189201 /* CoreData.framework */,
				591C420C1921BA6F00189201 /* XCTest.framework */,
			);
			name = Frameworks;
			sourceTree = "<group>";
		};
		591C41F61921BA6F00189201 /* cakedream */ = {
			isa = PBXGroup;
			children = (
				591C4250192204C900189201 /* UI */,
				591C42491922047B00189201 /* Resource */,
				591C42301921E6AD00189201 /* Net */,
				591C42261921BEA700189201 /* Widgets */,
				591C41FF1921BA6F00189201 /* AppDelegate.h */,
				591C42001921BA6F00189201 /* AppDelegate.m */,
				591C42051921BA6F00189201 /* Images.xcassets */,
				591C42021921BA6F00189201 /* cakedream.xcdatamodeld */,
				591C41F71921BA6F00189201 /* Supporting Files */,
				591C42231921BE0300189201 /* HomeViewController.h */,
				591C42241921BE0300189201 /* HomeViewController.m */,
			);
			path = cakedream;
			sourceTree = "<group>";
		};
		591C41F71921BA6F00189201 /* Supporting Files */ = {
			isa = PBXGroup;
			children = (
				591C41F81921BA6F00189201 /* cakedream-Info.plist */,
				591C41F91921BA6F00189201 /* InfoPlist.strings */,
				591C41FC1921BA6F00189201 /* main.m */,
				591C41FE1921BA6F00189201 /* cakedream-Prefix.pch */,
			);
			name = "Supporting Files";
			sourceTree = "<group>";
		};
		591C42131921BA6F00189201 /* cakedreamTests */ = {
			isa = PBXGroup;
			children = (
				591C42191921BA6F00189201 /* cakedreamTests.m */,
				591C42141921BA6F00189201 /* Supporting Files */,
			);
			path = cakedreamTests;
			sourceTree = "<group>";
		};
		591C42141921BA6F00189201 /* Supporting Files */ = {
			isa = PBXGroup;
			children = (
				591C42151921BA6F00189201 /* cakedreamTests-Info.plist */,
				591C42161921BA6F00189201 /* InfoPlist.strings */,
			);
			name = "Supporting Files";
			sourceTree = "<group>";
		};
		591C42261921BEA700189201 /* Widgets */ = {
			isa = PBXGroup;
			children = (
				5947159D1923464500C180B2 /* REFrostedViewController */,
				591C42461922033A00189201 /* SectionHeaderView.h */,
				591C42471922033A00189201 /* SectionHeaderView.m */,
				591C4243192202E600189201 /* MBProgressHUD.h */,
				591C4244192202E600189201 /* MBProgressHUD.m */,
				591C423D192202AD00189201 /* SuperTableViewController.h */,
				591C423E192202AD00189201 /* SuperTableViewController.m */,
				591C423F192202AD00189201 /* SuperViewController.h */,
				591C4240192202AD00189201 /* SuperViewController.m */,
				591C423A1921FC8500189201 /* RSAEncryptAndDecrypt.h */,
				591C423B1921FC8500189201 /* RSAEncryptAndDecrypt.m */,
				591C42371921F77D00189201 /* OpenUDID.h */,
				591C42381921F77D00189201 /* OpenUDID.m */,
				591C42271921BF3800189201 /* MLNavigationController.h */,
				591C42281921BF3800189201 /* MLNavigationController.m */,
				59723A42192DC5FA001DDBC2 /* LoginViewController.h */,
				59723A43192DC5FA001DDBC2 /* LoginViewController.m */,
			);
			path = Widgets;
			sourceTree = "<group>";
		};
		591C42301921E6AD00189201 /* Net */ = {
			isa = PBXGroup;
			children = (
				591C42311921E71200189201 /* DataStructure.h */,
				591C42321921E71200189201 /* DataStructure.m */,
				591C42341921F17700189201 /* NetWorkRequest.h */,
				591C42351921F17700189201 /* NetWorkRequest.m */,
			);
			path = Net;
			sourceTree = "<group>";
		};
		591C42491922047B00189201 /* Resource */ = {
			isa = PBXGroup;
			children = (
				5987FCCE192DF2A500D1CA89 /* flowerbg.jpg */,
				5987FCCA192DE18700D1CA89 /* cakedetailbg.png */,
				5987FCCB192DE18700D1CA89 /* cakedetailbg@2x.png */,
				59723A4F192DDA83001DDBC2 /* DingDingziti.otf */,
				59723A47192DCE45001DDBC2 /* cellbg@2x.png */,
				59723A45192DCCE3001DDBC2 /* cellbg.png */,
				59723A3B192D8863001DDBC2 /* 透明背景.png */,
				59723A3C192D8863001DDBC2 /* 透明背景@2x.png */,
				59723A39192D871F001DDBC2 /* bg.jpg */,
				59723A22192D828D001DDBC2 /* cakeimg */,
				592CB0B319245E3C00671D72 /* menubackground.png */,
				5981927B19237B090071DEA2 /* show1.jpg */,
				5947159B19230E4A00C180B2 /* line.png */,
				591C425419220EF100189201 /* 9.2.json */,
				591C424A1922047B00189201 /* 启动界面底图.png */,
				591C424B1922047B00189201 /* 标题.png */,
				591C424C1922047B00189201 /* 标题@2x.png */,
			);
			path = Resource;
			sourceTree = "<group>";
		};
		591C4250192204C900189201 /* UI */ = {
			isa = PBXGroup;
			children = (
				594715B019234A7D00C180B2 /* DEMOMenuViewController.h */,
				594715B119234A7D00C180B2 /* DEMOMenuViewController.m */,
				591C4251192204EE00189201 /* TestViewController.h */,
				591C4252192204EE00189201 /* TestViewController.m */,
				594715981923027900C180B2 /* CakeDetailViewController.h */,
				594715991923027900C180B2 /* CakeDetailViewController.m */,
				59723A3F192D92E9001DDBC2 /* DIYViewController.h */,
				59723A40192D92E9001DDBC2 /* DIYViewController.m */,
			);
			path = UI;
			sourceTree = "<group>";
		};
		5947159D1923464500C180B2 /* REFrostedViewController */ = {
			isa = PBXGroup;
			children = (
				5947159E1923464500C180B2 /* RECommonFunctions.h */,
				5947159F1923464500C180B2 /* RECommonFunctions.m */,
				594715A01923464500C180B2 /* REFrostedContainerViewController.h */,
				594715A11923464500C180B2 /* REFrostedContainerViewController.m */,
				594715A21923464500C180B2 /* REFrostedViewController.h */,
				594715A31923464500C180B2 /* REFrostedViewController.m */,
				594715A41923464500C180B2 /* UIImage+REFrostedViewController.h */,
				594715A51923464500C180B2 /* UIImage+REFrostedViewController.m */,
				594715A61923464500C180B2 /* UIView+REFrostedViewController.h */,
				594715A71923464500C180B2 /* UIView+REFrostedViewController.m */,
				594715A81923464500C180B2 /* UIViewController+REFrostedViewController.h */,
				594715A91923464500C180B2 /* UIViewController+REFrostedViewController.m */,
			);
			path = REFrostedViewController;
			sourceTree = "<group>";
		};
		59723A22192D828D001DDBC2 /* cakeimg */ = {
			isa = PBXGroup;
			children = (
				59723A23192D828D001DDBC2 /* 卡仕达起司.jpg */,
				59723A24192D828D001DDBC2 /* 天使的帽子.jpg */,
				59723A25192D828D001DDBC2 /* 巧酥饼干.jpg */,
				59723A26192D828D001DDBC2 /* 恶魔的帽子.jpg */,
				59723A27192D828D001DDBC2 /* 手工鲜奶油布丁.jpg */,
				59723A28192D828D001DDBC2 /* 爆浆蛋糕.jpg */,
				59723A29192D828D001DDBC2 /* 盆栽蛋糕.jpg */,
				59723A2A192D828D001DDBC2 /* 红豆起司.jpg */,
				59723A2B192D828D001DDBC2 /* 蛋糕卷.jpg */,
				59723A2C192D828D001DDBC2 /* 起司蛋糕.jpg */,
				59723A2D192D828D001DDBC2 /* 起思金砖.jpg */,
			);
			path = cakeimg;
			sourceTree = "<group>";
		};
/* End PBXGroup section */

/* Begin PBXNativeTarget section */
		591C41EA1921BA6F00189201 /* cakedream */ = {
			isa = PBXNativeTarget;
			buildConfigurationList = 591C421D1921BA6F00189201 /* Build configuration list for PBXNativeTarget "cakedream" */;
			buildPhases = (
				591C41E71921BA6F00189201 /* Sources */,
				591C41E81921BA6F00189201 /* Frameworks */,
				591C41E91921BA6F00189201 /* Resources */,
			);
			buildRules = (
			);
			dependencies = (
			);
			name = cakedream;
			productName = cakedream;
			productReference = 591C41EB1921BA6F00189201 /* cakedream.app */;
			productType = "com.apple.product-type.application";
		};
		591C420A1921BA6F00189201 /* cakedreamTests */ = {
			isa = PBXNativeTarget;
			buildConfigurationList = 591C42201921BA6F00189201 /* Build configuration list for PBXNativeTarget "cakedreamTests" */;
			buildPhases = (
				591C42071921BA6F00189201 /* Sources */,
				591C42081921BA6F00189201 /* Frameworks */,
				591C42091921BA6F00189201 /* Resources */,
			);
			buildRules = (
			);
			dependencies = (
				591C42121921BA6F00189201 /* PBXTargetDependency */,
			);
			name = cakedreamTests;
			productName = cakedreamTests;
			productReference = 591C420B1921BA6F00189201 /* cakedreamTests.xctest */;
			productType = "com.apple.product-type.bundle.unit-test";
		};
/* End PBXNativeTarget section */

/* Begin PBXProject section */
		591C41E31921BA6F00189201 /* Project object */ = {
			isa = PBXProject;
			attributes = {
				LastUpgradeCheck = 0510;
				ORGANIZATIONNAME = pushi;
				TargetAttributes = {
					591C420A1921BA6F00189201 = {
						TestTargetID = 591C41EA1921BA6F00189201;
					};
				};
			};
			buildConfigurationList = 591C41E61921BA6F00189201 /* Build configuration list for PBXProject "cakedream" */;
			compatibilityVersion = "Xcode 3.2";
			developmentRegion = English;
			hasScannedForEncodings = 0;
			knownRegions = (
				en,
			);
			mainGroup = 591C41E21921BA6F00189201;
			productRefGroup = 591C41EC1921BA6F00189201 /* Products */;
			projectDirPath = "";
			projectRoot = "";
			targets = (
				591C41EA1921BA6F00189201 /* cakedream */,
				591C420A1921BA6F00189201 /* cakedreamTests */,
			);
		};
/* End PBXProject section */

/* Begin PBXResourcesBuildPhase section */
		591C41E91921BA6F00189201 /* Resources */ = {
			isa = PBXResourcesBuildPhase;
			buildActionMask = 2147483647;
			files = (
				59723A36192D828D001DDBC2 /* 蛋糕卷.jpg in Resources */,
				591C424E1922047B00189201 /* 标题.png in Resources */,
				5981927C19237B090071DEA2 /* show1.jpg in Resources */,
				5947159C19230E4A00C180B2 /* line.png in Resources */,
				59723A33192D828D001DDBC2 /* 爆浆蛋糕.jpg in Resources */,
				5987FCCD192DE18700D1CA89 /* cakedetailbg@2x.png in Resources */,
				5987FCCF192DF2A500D1CA89 /* flowerbg.jpg in Resources */,
				59723A3D192D8863001DDBC2 /* 透明背景.png in Resources */,
				59723A31192D828D001DDBC2 /* 恶魔的帽子.jpg in Resources */,
				59723A37192D828D001DDBC2 /* 起司蛋糕.jpg in Resources */,
				59723A46192DCCE3001DDBC2 /* cellbg.png in Resources */,
				591C41FB1921BA6F00189201 /* InfoPlist.strings in Resources */,
				59723A35192D828D001DDBC2 /* 红豆起司.jpg in Resources */,
				591C424D1922047B00189201 /* 启动界面底图.png in Resources */,
				59723A50192DDA83001DDBC2 /* DingDingziti.otf in Resources */,
				59723A2F192D828D001DDBC2 /* 天使的帽子.jpg in Resources */,
				59723A48192DCE45001DDBC2 /* cellbg@2x.png in Resources */,
				591C425519220EF100189201 /* 9.2.json in Resources */,
				59723A34192D828D001DDBC2 /* 盆栽蛋糕.jpg in Resources */,
				59723A38192D828D001DDBC2 /* 起思金砖.jpg in Resources */,
				59723A3E192D8863001DDBC2 /* 透明背景@2x.png in Resources */,
				591C42061921BA6F00189201 /* Images.xcassets in Resources */,
				59723A32192D828D001DDBC2 /* 手工鲜奶油布丁.jpg in Resources */,
				592CB0B419245E3C00671D72 /* menubackground.png in Resources */,
				5987FCCC192DE18700D1CA89 /* cakedetailbg.png in Resources */,
				591C424F1922047B00189201 /* 标题@2x.png in Resources */,
				59723A2E192D828D001DDBC2 /* 卡仕达起司.jpg in Resources */,
				59723A3A192D871F001DDBC2 /* bg.jpg in Resources */,
				59723A30192D828D001DDBC2 /* 巧酥饼干.jpg in Resources */,
			);
			runOnlyForDeploymentPostprocessing = 0;
		};
		591C42091921BA6F00189201 /* Resources */ = {
			isa = PBXResourcesBuildPhase;
			buildActionMask = 2147483647;
			files = (
				591C42181921BA6F00189201 /* InfoPlist.strings in Resources */,
			);
			runOnlyForDeploymentPostprocessing = 0;
		};
/* End PBXResourcesBuildPhase section */

/* Begin PBXSourcesBuildPhase section */
		591C41E71921BA6F00189201 /* Sources */ = {
			isa = PBXSourcesBuildPhase;
			buildActionMask = 2147483647;
			files = (
				594715AB1923464500C180B2 /* REFrostedContainerViewController.m in Sources */,
				591C4242192202AD00189201 /* SuperViewController.m in Sources */,
				594715AD1923464500C180B2 /* UIImage+REFrostedViewController.m in Sources */,
				591C42041921BA6F00189201 /* cakedream.xcdatamodeld in Sources */,
				591C4253192204EE00189201 /* TestViewController.m in Sources */,
				591C42331921E71200189201 /* DataStructure.m in Sources */,
				59723A41192D92E9001DDBC2 /* DIYViewController.m in Sources */,
				594715AC1923464500C180B2 /* REFrostedViewController.m in Sources */,
				59723A44192DC5FA001DDBC2 /* LoginViewController.m in Sources */,
				591C42481922033A00189201 /* SectionHeaderView.m in Sources */,
				591C42011921BA6F00189201 /* AppDelegate.m in Sources */,
				591C4241192202AD00189201 /* SuperTableViewController.m in Sources */,
				594715AA1923464500C180B2 /* RECommonFunctions.m in Sources */,
				591C42291921BF3800189201 /* MLNavigationController.m in Sources */,
				594715AF1923464500C180B2 /* UIViewController+REFrostedViewController.m in Sources */,
				594715AE1923464500C180B2 /* UIView+REFrostedViewController.m in Sources */,
				5947159A1923027900C180B2 /* CakeDetailViewController.m in Sources */,
				591C41FD1921BA6F00189201 /* main.m in Sources */,
				591C4245192202E600189201 /* MBProgressHUD.m in Sources */,
				591C42391921F77D00189201 /* OpenUDID.m in Sources */,
				591C423C1921FC8500189201 /* RSAEncryptAndDecrypt.m in Sources */,
				591C42361921F17700189201 /* NetWorkRequest.m in Sources */,
				594715B219234A7D00C180B2 /* DEMOMenuViewController.m in Sources */,
				591C42251921BE0300189201 /* HomeViewController.m in Sources */,
			);
			runOnlyForDeploymentPostprocessing = 0;
		};
		591C42071921BA6F00189201 /* Sources */ = {
			isa = PBXSourcesBuildPhase;
			buildActionMask = 2147483647;
			files = (
				591C421A1921BA6F00189201 /* cakedreamTests.m in Sources */,
			);
			runOnlyForDeploymentPostprocessing = 0;
		};
/* End PBXSourcesBuildPhase section */

/* Begin PBXTargetDependency section */
		591C42121921BA6F00189201 /* PBXTargetDependency */ = {
			isa = PBXTargetDependency;
			target = 591C41EA1921BA6F00189201 /* cakedream */;
			targetProxy = 591C42111921BA6F00189201 /* PBXContainerItemProxy */;
		};
/* End PBXTargetDependency section */

/* Begin PBXVariantGroup section */
		591C41F91921BA6F00189201 /* InfoPlist.strings */ = {
			isa = PBXVariantGroup;
			children = (
				591C41FA1921BA6F00189201 /* en */,
			);
			name = InfoPlist.strings;
			sourceTree = "<group>";
		};
		591C42161921BA6F00189201 /* InfoPlist.strings */ = {
			isa = PBXVariantGroup;
			children = (
				591C42171921BA6F00189201 /* en */,
			);
			name = InfoPlist.strings;
			sourceTree = "<group>";
		};
/* End PBXVariantGroup section */

/* Begin XCBuildConfiguration section */
		591C421B1921BA6F00189201 /* Debug */ = {
			isa = XCBuildConfiguration;
			buildSettings = {
				ALWAYS_SEARCH_USER_PATHS = NO;
				CLANG_CXX_LANGUAGE_STANDARD = "gnu++0x";
				CLANG_CXX_LIBRARY = "libc++";
				CLANG_ENABLE_MODULES = YES;
				CLANG_ENABLE_OBJC_ARC = YES;
				CLANG_WARN_BOOL_CONVERSION = YES;
				CLANG_WARN_CONSTANT_CONVERSION = YES;
				CLANG_WARN_DIRECT_OBJC_ISA_USAGE = YES_ERROR;
				CLANG_WARN_EMPTY_BODY = YES;
				CLANG_WARN_ENUM_CONVERSION = YES;
				CLANG_WARN_INT_CONVERSION = YES;
				CLANG_WARN_OBJC_ROOT_CLASS = YES_ERROR;
				CLANG_WARN__DUPLICATE_METHOD_MATCH = YES;
				"CODE_SIGN_IDENTITY[sdk=iphoneos*]" = "iPhone Developer";
				COPY_PHASE_STRIP = NO;
				GCC_C_LANGUAGE_STANDARD = gnu99;
				GCC_DYNAMIC_NO_PIC = NO;
				GCC_OPTIMIZATION_LEVEL = 0;
				GCC_PREPROCESSOR_DEFINITIONS = (
					"DEBUG=1",
					"$(inherited)",
				);
				GCC_SYMBOLS_PRIVATE_EXTERN = NO;
				GCC_WARN_64_TO_32_BIT_CONVERSION = YES;
				GCC_WARN_ABOUT_RETURN_TYPE = YES_ERROR;
				GCC_WARN_UNDECLARED_SELECTOR = YES;
				GCC_WARN_UNINITIALIZED_AUTOS = YES_AGGRESSIVE;
				GCC_WARN_UNUSED_FUNCTION = YES;
				GCC_WARN_UNUSED_VARIABLE = YES;
				IPHONEOS_DEPLOYMENT_TARGET = 7.1;
				ONLY_ACTIVE_ARCH = YES;
				SDKROOT = iphoneos;
			};
			name = Debug;
		};
		591C421C1921BA6F00189201 /* Release */ = {
			isa = XCBuildConfiguration;
			buildSettings = {
				ALWAYS_SEARCH_USER_PATHS = NO;
				CLANG_CXX_LANGUAGE_STANDARD = "gnu++0x";
				CLANG_CXX_LIBRARY = "libc++";
				CLANG_ENABLE_MODULES = YES;
				CLANG_ENABLE_OBJC_ARC = YES;
				CLANG_WARN_BOOL_CONVERSION = YES;
				CLANG_WARN_CONSTANT_CONVERSION = YES;
				CLANG_WARN_DIRECT_OBJC_ISA_USAGE = YES_ERROR;
				CLANG_WARN_EMPTY_BODY = YES;
				CLANG_WARN_ENUM_CONVERSION = YES;
				CLANG_WARN_INT_CONVERSION = YES;
				CLANG_WARN_OBJC_ROOT_CLASS = YES_ERROR;
				CLANG_WARN__DUPLICATE_METHOD_MATCH = YES;
				"CODE_SIGN_IDENTITY[sdk=iphoneos*]" = "iPhone Developer";
				COPY_PHASE_STRIP = YES;
				ENABLE_NS_ASSERTIONS = NO;
				GCC_C_LANGUAGE_STANDARD = gnu99;
				GCC_WARN_64_TO_32_BIT_CONVERSION = YES;
				GCC_WARN_ABOUT_RETURN_TYPE = YES_ERROR;
				GCC_WARN_UNDECLARED_SELECTOR = YES;
				GCC_WARN_UNINITIALIZED_AUTOS = YES_AGGRESSIVE;
				GCC_WARN_UNUSED_FUNCTION = YES;
				GCC_WARN_UNUSED_VARIABLE = YES;
				IPHONEOS_DEPLOYMENT_TARGET = 7.1;
				SDKROOT = iphoneos;
				VALIDATE_PRODUCT = YES;
			};
			name = Release;
		};
		591C421E1921BA6F00189201 /* Debug */ = {
			isa = XCBuildConfiguration;
			buildSettings = {
				ASSETCATALOG_COMPILER_APPICON_NAME = AppIcon;
				ASSETCATALOG_COMPILER_LAUNCHIMAGE_NAME = LaunchImage;
				GCC_PRECOMPILE_PREFIX_HEADER = YES;
				GCC_PREFIX_HEADER = "cakedream/cakedream-Prefix.pch";
				INFOPLIST_FILE = "cakedream/cakedream-Info.plist";
				IPHONEOS_DEPLOYMENT_TARGET = 6.0;
				PRODUCT_NAME = "$(TARGET_NAME)";
				WRAPPER_EXTENSION = app;
			};
			name = Debug;
		};
		591C421F1921BA6F00189201 /* Release */ = {
			isa = XCBuildConfiguration;
			buildSettings = {
				ASSETCATALOG_COMPILER_APPICON_NAME = AppIcon;
				ASSETCATALOG_COMPILER_LAUNCHIMAGE_NAME = LaunchImage;
				GCC_PRECOMPILE_PREFIX_HEADER = YES;
				GCC_PREFIX_HEADER = "cakedream/cakedream-Prefix.pch";
				INFOPLIST_FILE = "cakedream/cakedream-Info.plist";
				IPHONEOS_DEPLOYMENT_TARGET = 6.0;
				PRODUCT_NAME = "$(TARGET_NAME)";
				WRAPPER_EXTENSION = app;
			};
			name = Release;
		};
		591C42211921BA6F00189201 /* Debug */ = {
			isa = XCBuildConfiguration;
			buildSettings = {
				BUNDLE_LOADER = "$(BUILT_PRODUCTS_DIR)/cakedream.app/cakedream";
				FRAMEWORK_SEARCH_PATHS = (
					"$(SDKROOT)/Developer/Library/Frameworks",
					"$(inherited)",
					"$(DEVELOPER_FRAMEWORKS_DIR)",
				);
				GCC_PRECOMPILE_PREFIX_HEADER = YES;
				GCC_PREFIX_HEADER = "cakedream/cakedream-Prefix.pch";
				GCC_PREPROCESSOR_DEFINITIONS = (
					"DEBUG=1",
					"$(inherited)",
				);
				INFOPLIST_FILE = "cakedreamTests/cakedreamTests-Info.plist";
				PRODUCT_NAME = "$(TARGET_NAME)";
				TEST_HOST = "$(BUNDLE_LOADER)";
				WRAPPER_EXTENSION = xctest;
			};
			name = Debug;
		};
		591C42221921BA6F00189201 /* Release */ = {
			isa = XCBuildConfiguration;
			buildSettings = {
				BUNDLE_LOADER = "$(BUILT_PRODUCTS_DIR)/cakedream.app/cakedream";
				FRAMEWORK_SEARCH_PATHS = (
					"$(SDKROOT)/Developer/Library/Frameworks",
					"$(inherited)",
					"$(DEVELOPER_FRAMEWORKS_DIR)",
				);
				GCC_PRECOMPILE_PREFIX_HEADER = YES;
				GCC_PREFIX_HEADER = "cakedream/cakedream-Prefix.pch";
				INFOPLIST_FILE = "cakedreamTests/cakedreamTests-Info.plist";
				PRODUCT_NAME = "$(TARGET_NAME)";
				TEST_HOST = "$(BUNDLE_LOADER)";
				WRAPPER_EXTENSION = xctest;
			};
			name = Release;
		};
/* End XCBuildConfiguration section */

/* Begin XCConfigurationList section */
		591C41E61921BA6F00189201 /* Build configuration list for PBXProject "cakedream" */ = {
			isa = XCConfigurationList;
			buildConfigurations = (
				591C421B1921BA6F00189201 /* Debug */,
				591C421C1921BA6F00189201 /* Release */,
			);
			defaultConfigurationIsVisible = 0;
			defaultConfigurationName = Release;
		};
		591C421D1921BA6F00189201 /* Build configuration list for PBXNativeTarget "cakedream" */ = {
			isa = XCConfigurationList;
			buildConfigurations = (
				591C421E1921BA6F00189201 /* Debug */,
				591C421F1921BA6F00189201 /* Release */,
			);
			defaultConfigurationIsVisible = 0;
			defaultConfigurationName = Release;
		};
		591C42201921BA6F00189201 /* Build configuration list for PBXNativeTarget "cakedreamTests" */ = {
			isa = XCConfigurationList;
			buildConfigurations = (
				591C42211921BA6F00189201 /* Debug */,
				591C42221921BA6F00189201 /* Release */,
			);
			defaultConfigurationIsVisible = 0;
			defaultConfigurationName = Release;
		};
/* End XCConfigurationList section */

/* Begin XCVersionGroup section */
		591C42021921BA6F00189201 /* cakedream.xcdatamodeld */ = {
			isa = XCVersionGroup;
			children = (
				591C42031921BA6F00189201 /* cakedream.xcdatamodel */,
			);
			currentVersion = 591C42031921BA6F00189201 /* cakedream.xcdatamodel */;
			path = cakedream.xcdatamodeld;
			sourceTree = "<group>";
			versionGroupType = wrapper.xcdatamodel;
		};
/* End XCVersionGroup section */
	};
	rootObject = 591C41E31921BA6F00189201 /* Project object */;
}
