// !$*UTF8*$!
{
	archiveVersion = 1;
	classes = {
	};
	objectVersion = 46;
	objects = {

/* Begin PBXBuildFile section */
		591C41EF1921BA6F00189201 /* Foundation.framework in Frameworks */ = {isa = PBXBuildFile; fileRef = 591C41EE1921BA6F00189201 /* Foundation.framework */; };
		591C41F11921BA6F00189201 /* CoreGraphics.framework in Frameworks */ = {isa = PBXBuildFile; fileRef = 591C41F01921BA6F00189201 /* CoreGraphics.framework */; };
		591C41F31921BA6F00189201 /* UIKit.framework in Frameworks */ = {isa = PBXBuildFile; fileRef = 591C41F21921BA6F00189201 /* UIKit.framework */; };
		591C41F51921BA6F00189201 /* CoreData.framework in Frameworks */ = {isa = PBXBuildFile; fileRef = 591C41F41921BA6F00189201 /* CoreData.framework */; };
		591C41FB1921BA6F00189201 /* InfoPlist.strings in Resources */ = {isa = PBXBuildFile; fileRef = 591C41F91921BA6F00189201 /* InfoPlist.strings */; };
		591C41FD1921BA6F00189201 /* main.m in Sources */ = {isa = PBXBuildFile; fileRef = 591C41FC1921BA6F00189201 /* main.m */; };
		591C42011921BA6F00189201 /* AppDelegate.m in Sources */ = {isa = PBXBuildFile; fileRef = 591C42001921BA6F00189201 /* AppDelegate.m */; };
		591C42041921BA6F00189201 /* cakedream.xcdatamodeld in Sources */ = {isa = PBXBuildFile; fileRef = 591C42021921BA6F00189201 /* cakedream.xcdatamodeld */; };
		591C42061921BA6F00189201 /* Images.xcassets in Resources */ = {isa = PBXBuildFile; fileRef = 591C42051921BA6F00189201 /* Images.xcassets */; };
		591C420D1921BA6F00189201 /* XCTest.framework in Frameworks */ = {isa = PBXBuildFile; fileRef = 591C420C1921BA6F00189201 /* XCTest.framework */; };
		591C420E1921BA6F00189201 /* Foundation.framework in Frameworks */ = {isa = PBXBuildFile; fileRef = 591C41EE1921BA6F00189201 /* Foundation.framework */; };
		591C420F1921BA6F00189201 /* UIKit.framework in Frameworks */ = {isa = PBXBuildFile; fileRef = 591C41F21921BA6F00189201 /* UIKit.framework */; };
		591C42101921BA6F00189201 /* CoreData.framework in Frameworks */ = {isa = PBXBuildFile; fileRef = 591C41F41921BA6F00189201 /* CoreData.framework */; };
		591C42181921BA6F00189201 /* InfoPlist.strings in Resources */ = {isa = PBXBuildFile; fileRef = 591C42161921BA6F00189201 /* InfoPlist.strings */; };
		591C421A1921BA6F00189201 /* cakedreamTests.m in Sources */ = {isa = PBXBuildFile; fileRef = 591C42191921BA6F00189201 /* cakedreamTests.m */; };
/* End PBXBuildFile section */

/* Begin PBXContainerItemProxy section */
		591C42111921BA6F00189201 /* PBXContainerItemProxy */ = {
			isa = PBXContainerItemProxy;
			containerPortal = 591C41E31921BA6F00189201 /* Project object */;
			proxyType = 1;
			remoteGlobalIDString = 591C41EA1921BA6F00189201;
			remoteInfo = cakedream;
		};
/* End PBXContainerItemProxy section */

/* Begin PBXFileReference section */
		591C41EB1921BA6F00189201 /* cakedream.app */ = {isa = PBXFileReference; explicitFileType = wrapper.application; includeInIndex = 0; path = cakedream.app; sourceTree = BUILT_PRODUCTS_DIR; };
		591C41EE1921BA6F00189201 /* Foundation.framework */ = {isa = PBXFileReference; lastKnownFileType = wrapper.framework; name = Foundation.framework; path = System/Library/Frameworks/Foundation.framework; sourceTree = SDKROOT; };
		591C41F01921BA6F00189201 /* CoreGraphics.framework */ = {isa = PBXFileReference; lastKnownFileType = wrapper.framework; name = CoreGraphics.framework; path = System/Library/Frameworks/CoreGraphics.framework; sourceTree = SDKROOT; };
		591C41F21921BA6F00189201 /* UIKit.framework */ = {isa = PBXFileReference; lastKnownFileType = wrapper.framework; name = UIKit.framework; path = System/Library/Frameworks/UIKit.framework; sourceTree = SDKROOT; };
		591C41F41921BA6F00189201 /* CoreData.framework */ = {isa = PBXFileReference; lastKnownFileType = wrapper.framework; name = CoreData.framework; path = System/Library/Frameworks/CoreData.framework; sourceTree = SDKROOT; };
		591C41F81921BA6F00189201 /* cakedream-Info.plist */ = {isa = PBXFileReference; lastKnownFileType = text.plist.xml; path = "cakedream-Info.plist"; sourceTree = "<group>"; };
		591C41FA1921BA6F00189201 /* en */ = {isa = PBXFileReference; lastKnownFileType = text.plist.strings; name = en; path = en.lproj/InfoPlist.strings; sourceTree = "<group>"; };
		591C41FC1921BA6F00189201 /* main.m */ = {isa = PBXFileReference; lastKnownFileType = sourcecode.c.objc; path = main.m; sourceTree = "<group>"; };
		591C41FE1921BA6F00189201 /* cakedream-Prefix.pch */ = {isa = PBXFileReference; lastKnownFileType = sourcecode.c.h; path = "cakedream-Prefix.pch"; sourceTree = "<group>"; };
		591C41FF1921BA6F00189201 /* AppDelegate.h */ = {isa = PBXFileReference; lastKnownFileType = sourcecode.c.h; path = AppDelegate.h; sourceTree = "<group>"; };
		591C42001921BA6F00189201 /* AppDelegate.m */ = {isa = PBXFileReference; lastKnownFileType = sourcecode.c.objc; path = AppDelegate.m; sourceTree = "<group>"; };
		591C42031921BA6F00189201 /* cakedream.xcdatamodel */ = {isa = PBXFileReference; lastKnownFileType = wrapper.xcdatamodel; path = cakedream.xcdatamodel; sourceTree = "<group>"; };
		591C42051921BA6F00189201 /* Images.xcassets */ = {isa = PBXFileReference; lastKnownFileType = folder.assetcatalog; path = Images.xcassets; sourceTree = "<group>"; };
		591C420B1921BA6F00189201 /* cakedreamTests.xctest */ = {isa = PBXFileReference; explicitFileType = wrapper.cfbundle; includeInIndex = 0; path = cakedreamTests.xctest; sourceTree = BUILT_PRODUCTS_DIR; };
		591C420C1921BA6F00189201 /* XCTest.framework */ = {isa = PBXFileReference; lastKnownFileType = wrapper.framework; name = XCTest.framework; path = Library/Frameworks/XCTest.framework; sourceTree = DEVELOPER_DIR; };
		591C42151921BA6F00189201 /* cakedreamTests-Info.plist */ = {isa = PBXFileReference; lastKnownFileType = text.plist.xml; path = "cakedreamTests-Info.plist"; sourceTree = "<group>"; };
		591C42171921BA6F00189201 /* en */ = {isa = PBXFileReference; lastKnownFileType = text.plist.strings; name = en; path = en.lproj/InfoPlist.strings; sourceTree = "<group>"; };
		591C42191921BA6F00189201 /* cakedreamTests.m */ = {isa = PBXFileReference; lastKnownFileType = sourcecode.c.objc; path = cakedreamTests.m; sourceTree = "<group>"; };
/* End PBXFileReference section */

/* Begin PBXFrameworksBuildPhase section */
		591C41E81921BA6F00189201 /* Frameworks */ = {
			isa = PBXFrameworksBuildPhase;
			buildActionMask = 2147483647;
			files = (
				591C41F11921BA6F00189201 /* CoreGraphics.framework in Frameworks */,
				591C41F51921BA6F00189201 /* CoreData.framework in Frameworks */,
				591C41F31921BA6F00189201 /* UIKit.framework in Frameworks */,
				591C41EF1921BA6F00189201 /* Foundation.framework in Frameworks */,
			);
			runOnlyForDeploymentPostprocessing = 0;
		};
		591C42081921BA6F00189201 /* Frameworks */ = {
			isa = PBXFrameworksBuildPhase;
			buildActionMask = 2147483647;
			files = (
				591C420D1921BA6F00189201 /* XCTest.framework in Frameworks */,
				591C42101921BA6F00189201 /* CoreData.framework in Frameworks */,
				591C420F1921BA6F00189201 /* UIKit.framework in Frameworks */,
				591C420E1921BA6F00189201 /* Foundation.framework in Frameworks */,
			);
			runOnlyForDeploymentPostprocessing = 0;
		};
/* End PBXFrameworksBuildPhase section */

/* Begin PBXGroup section */
		591C41E21921BA6F00189201 = {
			isa = PBXGroup;
			children = (
				591C41F61921BA6F00189201 /* cakedream */,
				591C42131921BA6F00189201 /* cakedreamTests */,
				591C41ED1921BA6F00189201 /* Frameworks */,
				591C41EC1921BA6F00189201 /* Products */,
			);
			sourceTree = "<group>";
		};
		591C41EC1921BA6F00189201 /* Products */ = {
			isa = PBXGroup;
			children = (
				591C41EB1921BA6F00189201 /* cakedream.app */,
				591C420B1921BA6F00189201 /* cakedreamTests.xctest */,
			);
			name = Products;
			sourceTree = "<group>";
		};
		591C41ED1921BA6F00189201 /* Frameworks */ = {
			isa = PBXGroup;
			children = (
				591C41EE1921BA6F00189201 /* Foundation.framework */,
				591C41F01921BA6F00189201 /* CoreGraphics.framework */,
				591C41F21921BA6F00189201 /* UIKit.framework */,
				591C41F41921BA6F00189201 /* CoreData.framework */,
				591C420C1921BA6F00189201 /* XCTest.framework */,
			);
			name = Frameworks;
			sourceTree = "<group>";
		};
		591C41F61921BA6F00189201 /* cakedream */ = {
			isa = PBXGroup;
			children = (
				591C41FF1921BA6F00189201 /* AppDelegate.h */,
				591C42001921BA6F00189201 /* AppDelegate.m */,
				591C42051921BA6F00189201 /* Images.xcassets */,
				591C42021921BA6F00189201 /* cakedream.xcdatamodeld */,
				591C41F71921BA6F00189201 /* Supporting Files */,
			);
			path = cakedream;
			sourceTree = "<group>";
		};
		591C41F71921BA6F00189201 /* Supporting Files */ = {
			isa = PBXGroup;
			children = (
				591C41F81921BA6F00189201 /* cakedream-Info.plist */,
				591C41F91921BA6F00189201 /* InfoPlist.strings */,
				591C41FC1921BA6F00189201 /* main.m */,
				591C41FE1921BA6F00189201 /* cakedream-Prefix.pch */,
			);
			name = "Supporting Files";
			sourceTree = "<group>";
		};
		591C42131921BA6F00189201 /* cakedreamTests */ = {
			isa = PBXGroup;
			children = (
				591C42191921BA6F00189201 /* cakedreamTests.m */,
				591C42141921BA6F00189201 /* Supporting Files */,
			);
			path = cakedreamTests;
			sourceTree = "<group>";
		};
		591C42141921BA6F00189201 /* Supporting Files */ = {
			isa = PBXGroup;
			children = (
				591C42151921BA6F00189201 /* cakedreamTests-Info.plist */,
				591C42161921BA6F00189201 /* InfoPlist.strings */,
			);
			name = "Supporting Files";
			sourceTree = "<group>";
		};
/* End PBXGroup section */

/* Begin PBXNativeTarget section */
		591C41EA1921BA6F00189201 /* cakedream */ = {
			isa = PBXNativeTarget;
			buildConfigurationList = 591C421D1921BA6F00189201 /* Build configuration list for PBXNativeTarget "cakedream" */;
			buildPhases = (
				591C41E71921BA6F00189201 /* Sources */,
				591C41E81921BA6F00189201 /* Frameworks */,
				591C41E91921BA6F00189201 /* Resources */,
			);
			buildRules = (
			);
			dependencies = (
			);
			name = cakedream;
			productName = cakedream;
			productReference = 591C41EB1921BA6F00189201 /* cakedream.app */;
			productType = "com.apple.product-type.application";
		};
		591C420A1921BA6F00189201 /* cakedreamTests */ = {
			isa = PBXNativeTarget;
			buildConfigurationList = 591C42201921BA6F00189201 /* Build configuration list for PBXNativeTarget "cakedreamTests" */;
			buildPhases = (
				591C42071921BA6F00189201 /* Sources */,
				591C42081921BA6F00189201 /* Frameworks */,
				591C42091921BA6F00189201 /* Resources */,
			);
			buildRules = (
			);
			dependencies = (
				591C42121921BA6F00189201 /* PBXTargetDependency */,
			);
			name = cakedreamTests;
			productName = cakedreamTests;
			productReference = 591C420B1921BA6F00189201 /* cakedreamTests.xctest */;
			productType = "com.apple.product-type.bundle.unit-test";
		};
/* End PBXNativeTarget section */

/* Begin PBXProject section */
		591C41E31921BA6F00189201 /* Project object */ = {
			isa = PBXProject;
			attributes = {
				LastUpgradeCheck = 0510;
				ORGANIZATIONNAME = pushi;
				TargetAttributes = {
					591C420A1921BA6F00189201 = {
						TestTargetID = 591C41EA1921BA6F00189201;
					};
				};
			};
			buildConfigurationList = 591C41E61921BA6F00189201 /* Build configuration list for PBXProject "cakedream" */;
			compatibilityVersion = "Xcode 3.2";
			developmentRegion = English;
			hasScannedForEncodings = 0;
			knownRegions = (
				en,
			);
			mainGroup = 591C41E21921BA6F00189201;
			productRefGroup = 591C41EC1921BA6F00189201 /* Products */;
			projectDirPath = "";
			projectRoot = "";
			targets = (
				591C41EA1921BA6F00189201 /* cakedream */,
				591C420A1921BA6F00189201 /* cakedreamTests */,
			);
		};
/* End PBXProject section */

/* Begin PBXResourcesBuildPhase section */
		591C41E91921BA6F00189201 /* Resources */ = {
			isa = PBXResourcesBuildPhase;
			buildActionMask = 2147483647;
			files = (
				591C41FB1921BA6F00189201 /* InfoPlist.strings in Resources */,
				591C42061921BA6F00189201 /* Images.xcassets in Resources */,
			);
			runOnlyForDeploymentPostprocessing = 0;
		};
		591C42091921BA6F00189201 /* Resources */ = {
			isa = PBXResourcesBuildPhase;
			buildActionMask = 2147483647;
			files = (
				591C42181921BA6F00189201 /* InfoPlist.strings in Resources */,
			);
			runOnlyForDeploymentPostprocessing = 0;
		};
/* End PBXResourcesBuildPhase section */

/* Begin PBXSourcesBuildPhase section */
		591C41E71921BA6F00189201 /* Sources */ = {
			isa = PBXSourcesBuildPhase;
			buildActionMask = 2147483647;
			files = (
				591C42041921BA6F00189201 /* cakedream.xcdatamodeld in Sources */,
				591C42011921BA6F00189201 /* AppDelegate.m in Sources */,
				591C41FD1921BA6F00189201 /* main.m in Sources */,
			);
			runOnlyForDeploymentPostprocessing = 0;
		};
		591C42071921BA6F00189201 /* Sources */ = {
			isa = PBXSourcesBuildPhase;
			buildActionMask = 2147483647;
			files = (
				591C421A1921BA6F00189201 /* cakedreamTests.m in Sources */,
			);
			runOnlyForDeploymentPostprocessing = 0;
		};
/* End PBXSourcesBuildPhase section */

/* Begin PBXTargetDependency section */
		591C42121921BA6F00189201 /* PBXTargetDependency */ = {
			isa = PBXTargetDependency;
			target = 591C41EA1921BA6F00189201 /* cakedream */;
			targetProxy = 591C42111921BA6F00189201 /* PBXContainerItemProxy */;
		};
/* End PBXTargetDependency section */

/* Begin PBXVariantGroup section */
		591C41F91921BA6F00189201 /* InfoPlist.strings */ = {
			isa = PBXVariantGroup;
			children = (
				591C41FA1921BA6F00189201 /* en */,
			);
			name = InfoPlist.strings;
			sourceTree = "<group>";
		};
		591C42161921BA6F00189201 /* InfoPlist.strings */ = {
			isa = PBXVariantGroup;
			children = (
				591C42171921BA6F00189201 /* en */,
			);
			name = InfoPlist.strings;
			sourceTree = "<group>";
		};
/* End PBXVariantGroup section */

/* Begin XCBuildConfiguration section */
		591C421B1921BA6F00189201 /* Debug */ = {
			isa = XCBuildConfiguration;
			buildSettings = {
				ALWAYS_SEARCH_USER_PATHS = NO;
				CLANG_CXX_LANGUAGE_STANDARD = "gnu++0x";
				CLANG_CXX_LIBRARY = "libc++";
				CLANG_ENABLE_MODULES = YES;
				CLANG_ENABLE_OBJC_ARC = YES;
				CLANG_WARN_BOOL_CONVERSION = YES;
				CLANG_WARN_CONSTANT_CONVERSION = YES;
				CLANG_WARN_DIRECT_OBJC_ISA_USAGE = YES_ERROR;
				CLANG_WARN_EMPTY_BODY = YES;
				CLANG_WARN_ENUM_CONVERSION = YES;
				CLANG_WARN_INT_CONVERSION = YES;
				CLANG_WARN_OBJC_ROOT_CLASS = YES_ERROR;
				CLANG_WARN__DUPLICATE_METHOD_MATCH = YES;
				"CODE_SIGN_IDENTITY[sdk=iphoneos*]" = "iPhone Developer";
				COPY_PHASE_STRIP = NO;
				GCC_C_LANGUAGE_STANDARD = gnu99;
				GCC_DYNAMIC_NO_PIC = NO;
				GCC_OPTIMIZATION_LEVEL = 0;
				GCC_PREPROCESSOR_DEFINITIONS = (
					"DEBUG=1",
					"$(inherited)",
				);
				GCC_SYMBOLS_PRIVATE_EXTERN = NO;
				GCC_WARN_64_TO_32_BIT_CONVERSION = YES;
				GCC_WARN_ABOUT_RETURN_TYPE = YES_ERROR;
				GCC_WARN_UNDECLARED_SELECTOR = YES;
				GCC_WARN_UNINITIALIZED_AUTOS = YES_AGGRESSIVE;
				GCC_WARN_UNUSED_FUNCTION = YES;
				GCC_WARN_UNUSED_VARIABLE = YES;
				IPHONEOS_DEPLOYMENT_TARGET = 7.1;
				ONLY_ACTIVE_ARCH = YES;
				SDKROOT = iphoneos;
			};
			name = Debug;
		};
		591C421C1921BA6F00189201 /* Release */ = {
			isa = XCBuildConfiguration;
			buildSettings = {
				ALWAYS_SEARCH_USER_PATHS = NO;
				CLANG_CXX_LANGUAGE_STANDARD = "gnu++0x";
				CLANG_CXX_LIBRARY = "libc++";
				CLANG_ENABLE_MODULES = YES;
				CLANG_ENABLE_OBJC_ARC = YES;
				CLANG_WARN_BOOL_CONVERSION = YES;
				CLANG_WARN_CONSTANT_CONVERSION = YES;
				CLANG_WARN_DIRECT_OBJC_ISA_USAGE = YES_ERROR;
				CLANG_WARN_EMPTY_BODY = YES;
				CLANG_WARN_ENUM_CONVERSION = YES;
				CLANG_WARN_INT_CONVERSION = YES;
				CLANG_WARN_OBJC_ROOT_CLASS = YES_ERROR;
				CLANG_WARN__DUPLICATE_METHOD_MATCH = YES;
				"CODE_SIGN_IDENTITY[sdk=iphoneos*]" = "iPhone Developer";
				COPY_PHASE_STRIP = YES;
				ENABLE_NS_ASSERTIONS = NO;
				GCC_C_LANGUAGE_STANDARD = gnu99;
				GCC_WARN_64_TO_32_BIT_CONVERSION = YES;
				GCC_WARN_ABOUT_RETURN_TYPE = YES_ERROR;
				GCC_WARN_UNDECLARED_SELECTOR = YES;
				GCC_WARN_UNINITIALIZED_AUTOS = YES_AGGRESSIVE;
				GCC_WARN_UNUSED_FUNCTION = YES;
				GCC_WARN_UNUSED_VARIABLE = YES;
				IPHONEOS_DEPLOYMENT_TARGET = 7.1;
				SDKROOT = iphoneos;
				VALIDATE_PRODUCT = YES;
			};
			name = Release;
		};
		591C421E1921BA6F00189201 /* Debug */ = {
			isa = XCBuildConfiguration;
			buildSettings = {
				ASSETCATALOG_COMPILER_APPICON_NAME = AppIcon;
				ASSETCATALOG_COMPILER_LAUNCHIMAGE_NAME = LaunchImage;
				GCC_PRECOMPILE_PREFIX_HEADER = YES;
				GCC_PREFIX_HEADER = "cakedream/cakedream-Prefix.pch";
				INFOPLIST_FILE = "cakedream/cakedream-Info.plist";
				PRODUCT_NAME = "$(TARGET_NAME)";
				WRAPPER_EXTENSION = app;
			};
			name = Debug;
		};
		591C421F1921BA6F00189201 /* Release */ = {
			isa = XCBuildConfiguration;
			buildSettings = {
				ASSETCATALOG_COMPILER_APPICON_NAME = AppIcon;
				ASSETCATALOG_COMPILER_LAUNCHIMAGE_NAME = LaunchImage;
				GCC_PRECOMPILE_PREFIX_HEADER = YES;
				GCC_PREFIX_HEADER = "cakedream/cakedream-Prefix.pch";
				INFOPLIST_FILE = "cakedream/cakedream-Info.plist";
				PRODUCT_NAME = "$(TARGET_NAME)";
				WRAPPER_EXTENSION = app;
			};
			name = Release;
		};
		591C42211921BA6F00189201 /* Debug */ = {
			isa = XCBuildConfiguration;
			buildSettings = {
				BUNDLE_LOADER = "$(BUILT_PRODUCTS_DIR)/cakedream.app/cakedream";
				FRAMEWORK_SEARCH_PATHS = (
					"$(SDKROOT)/Developer/Library/Frameworks",
					"$(inherited)",
					"$(DEVELOPER_FRAMEWORKS_DIR)",
				);
				GCC_PRECOMPILE_PREFIX_HEADER = YES;
				GCC_PREFIX_HEADER = "cakedream/cakedream-Prefix.pch";
				GCC_PREPROCESSOR_DEFINITIONS = (
					"DEBUG=1",
					"$(inherited)",
				);
				INFOPLIST_FILE = "cakedreamTests/cakedreamTests-Info.plist";
				PRODUCT_NAME = "$(TARGET_NAME)";
				TEST_HOST = "$(BUNDLE_LOADER)";
				WRAPPER_EXTENSION = xctest;
			};
			name = Debug;
		};
		591C42221921BA6F00189201 /* Release */ = {
			isa = XCBuildConfiguration;
			buildSettings = {
				BUNDLE_LOADER = "$(BUILT_PRODUCTS_DIR)/cakedream.app/cakedream";
				FRAMEWORK_SEARCH_PATHS = (
					"$(SDKROOT)/Developer/Library/Frameworks",
					"$(inherited)",
					"$(DEVELOPER_FRAMEWORKS_DIR)",
				);
				GCC_PRECOMPILE_PREFIX_HEADER = YES;
				GCC_PREFIX_HEADER = "cakedream/cakedream-Prefix.pch";
				INFOPLIST_FILE = "cakedreamTests/cakedreamTests-Info.plist";
				PRODUCT_NAME = "$(TARGET_NAME)";
				TEST_HOST = "$(BUNDLE_LOADER)";
				WRAPPER_EXTENSION = xctest;
			};
			name = Release;
		};
/* End XCBuildConfiguration section */

/* Begin XCConfigurationList section */
		591C41E61921BA6F00189201 /* Build configuration list for PBXProject "cakedream" */ = {
			isa = XCConfigurationList;
			buildConfigurations = (
				591C421B1921BA6F00189201 /* Debug */,
				591C421C1921BA6F00189201 /* Release */,
			);
			defaultConfigurationIsVisible = 0;
			defaultConfigurationName = Release;
		};
		591C421D1921BA6F00189201 /* Build configuration list for PBXNativeTarget "cakedream" */ = {
			isa = XCConfigurationList;
			buildConfigurations = (
				591C421E1921BA6F00189201 /* Debug */,
				591C421F1921BA6F00189201 /* Release */,
			);
			defaultConfigurationIsVisible = 0;
		};
		591C42201921BA6F00189201 /* Build configuration list for PBXNativeTarget "cakedreamTests" */ = {
			isa = XCConfigurationList;
			buildConfigurations = (
				591C42211921BA6F00189201 /* Debug */,
				591C42221921BA6F00189201 /* Release */,
			);
			defaultConfigurationIsVisible = 0;
		};
/* End XCConfigurationList section */

/* Begin XCVersionGroup section */
		591C42021921BA6F00189201 /* cakedream.xcdatamodeld */ = {
			isa = XCVersionGroup;
			children = (
				591C42031921BA6F00189201 /* cakedream.xcdatamodel */,
			);
			currentVersion = 591C42031921BA6F00189201 /* cakedream.xcdatamodel */;
			path = cakedream.xcdatamodeld;
			sourceTree = "<group>";
			versionGroupType = wrapper.xcdatamodel;
		};
/* End XCVersionGroup section */
	};
	rootObject = 591C41E31921BA6F00189201 /* Project object */;
}
